
Microsoft Visual Studio Solution File, Format Version 12.00
# Blend for Visual Studio Version 16
VisualStudioVersion = 16.0.37327.17
MinimumVisualStudioVersion = 10.0.40219.1
Project("{FAE04EC0-301F-11D3-BF4B-00C04F79EFBC}") = "daysMatterr", "daysMatterr\daysMatterr.csproj", "{BD2C6FF0-1009-4210-A123-32D11FF0334B}"
EndProject
Global
	GlobalSection(SolutionConfigurationPlatforms) = preSolution
		Debug|Any CPU = Debug|Any CPU
		Release|Any CPU = Release|Any CPU
	EndGlobalSection
	GlobalSection(ProjectConfigurationPlatforms) = postSolution
		{BD2C6FF0-1009-4210-A123-32D11FF0334B}.Debug|Any CPU.ActiveCfg = Debug|Any CPU
		{BD2C6FF0-1009-4210-A123-32D11FF0334B}.Debug|Any CPU.Build.0 = Debug|Any CPU
		{BD2C6FF0-1009-4210-A123-32D11FF0334B}.Release|Any CPU.ActiveCfg = Release|Any CPU
		{BD2C6FF0-1009-4210-A123-32D11FF0334B}.Release|Any CPU.Build.0 = Release|Any CPU
	EndGlobalSection
	GlobalSection(SolutionProperties) = preSolution
		HideSolutionNode = FALSE
	EndGlobalSection
	GlobalSection(ExtensibilityGlobals) = postSolution
		SolutionGuid = {62D5DA59-13CE-475A-842B-E620E2D3547C}
	EndGlobalSection
EndGlobal
